
Microsoft Visual Studio Solution File, Format Version 12.00
# Visual Studio 15
VisualStudioVersion = 15.0.28307.102
MinimumVisualStudioVersion = 10.0.40219.1
Project("{8BC9CEB8-8B4A-11D0-8D11-00A0C91BC942}") = "ASMDLL", "ASMDLL\ASMDLL.vcxproj", "{A0235B55-7EB4-4210-9C78-76A403766524}"
EndProject
Global
	GlobalSection(SolutionConfigurationPlatforms) = preSolution
		Debug|x64 = Debug|x64
		Debug|x86 = Debug|x86
		Release|x64 = Release|x64
		Release|x86 = Release|x86
	EndGlobalSection
	GlobalSection(ProjectConfigurationPlatforms) = postSolution
		{A0235B55-7EB4-4210-9C78-76A403766524}.Debug|x64.ActiveCfg = Debug|x64
		{A0235B55-7EB4-4210-9C78-76A403766524}.Debug|x64.Build.0 = Debug|x64
		{A0235B55-7EB4-4210-9C78-76A403766524}.Debug|x86.ActiveCfg = Debug|Win32
		{A0235B55-7EB4-4210-9C78-76A403766524}.Debug|x86.Build.0 = Debug|Win32
		{A0235B55-7EB4-4210-9C78-76A403766524}.Release|x64.ActiveCfg = Release|x64
		{A0235B55-7EB4-4210-9C78-76A403766524}.Release|x64.Build.0 = Release|x64
		{A0235B55-7EB4-4210-9C78-76A403766524}.Release|x86.ActiveCfg = Release|Win32
		{A0235B55-7EB4-4210-9C78-76A403766524}.Release|x86.Build.0 = Release|Win32
	EndGlobalSection
	GlobalSection(SolutionProperties) = preSolution
		HideSolutionNode = FALSE
	EndGlobalSection
	GlobalSection(ExtensibilityGlobals) = postSolution
		SolutionGuid = {12DFB7A2-0745-4AA9-9F50-B4C47928EDCF}
	EndGlobalSection
EndGlobal
